<Solution>
  <Folder Name="/Main/">
    <Project Path="Database/Database.sqlproj" Id="19e0b0a7-6df8-4bbf-9d9f-60bb078ed37a">
      <Build />
      <Deploy />
    </Project>
    <Project Path="SmartHome.Server.Api.Clients/SmartHome.Server.Api.Clients.csproj" Id="a4f73003-a078-446b-8c6a-db5347f66268" />
    <Project Path="SmartHome.Server.Api.Controllers.Clients/SmartHome.Server.Api.Controllers.Clients.csproj" Id="e696626e-6f51-4267-b982-763d501ade15" />
    <Project Path="SmartHome.Server.Api.Controllers.Common/SmartHome.Server.Api.Controllers.Common.csproj" Id="acb3ef65-0801-4980-a9c8-5c1c2cfbc926" />
    <Project Path="SmartHome.Server.Api.Controllers.Firmware/SmartHome.Server.Api.Controllers.Firmware.csproj" Id="ccd14656-c6b4-4257-924e-ee537eec0ce6" />
    <Project Path="SmartHome.Server.Features.Managers/SmartHome.Server.Features.Managers.csproj" Id="9118528e-b4f6-4819-92d7-2001eaae227e" />
    <Project Path="SmartHome.Server.Main/SmartHome.Server.Main.csproj" Id="4098fa12-fb07-4efa-9af0-eedad2d178db" />
    <Project Path="SmartHome.Server.Repositories/SmartHome.Server.Repositories.csproj" Id="fc3cf2e4-52cc-49d6-8bfc-314b0eaee37f" />
    <Project Path="SmartHome.Server.Services/SmartHome.Server.Services.csproj" Id="f8369e67-4a4f-49ea-9be4-6b1d93a8c21b" />
  </Folder>
  <Folder Name="/Tests/">
    <Project Path="SmartHome.Server.Tests.Api.Clients/SmartHome.Server.Tests.Api.Clients.csproj" Id="19bf0357-2395-4538-8b8d-0caa295b5597" />
    <Project Path="SmartHome.Server.Tests.Api.Controllers.Clients/SmartHome.Server.Tests.Api.Controllers.Clients.csproj" Id="e7112929-4f75-463a-9381-b677b7163946" />
    <Project Path="SmartHome.Server.Tests.Api.Controllers.Firmware/SmartHome.Server.Tests.Api.Controllers.Firmware.csproj" Id="a54a4e3f-b7ec-48a5-9610-d1fe099158b1" />
    <Project Path="SmartHome.Server.Tests.Features.Managers/SmartHome.Server.Tests.Features.Managers.csproj" Id="d9b2e119-22a9-443e-9834-25cdb3e03a3a" />
    <Project Path="SmartHome.Server.Tests.Repositories/SmartHome.Server.Tests.Repositories.csproj" Id="9428ab42-6f6f-444e-9601-405559bbacdc" />
    <Project Path="SmartHome.Server.Tests.Services/SmartHome.Server.Tests.Services.csproj" Id="fae6d52b-0766-40ae-9688-d312cfeba2dd" />
    <Project Path="SmartHome.Server.Tests.Utilities/SmartHome.Server.Tests.Utilities.csproj" Id="032c56a8-8290-453d-8a58-a8a9ba690d32" />
    <Project Path="UnitTests/UnitTests.csproj" Id="5c99477b-8dc9-46c4-bcfc-7f9edc979e93" />
  </Folder>
</Solution>
